
Microsoft Visual Studio Solution File, Format Version 12.00
# Visual Studio Version 17
VisualStudioVersion = 17.10.35013.160
MinimumVisualStudioVersion = 10.0.40219.1
Project("{FAE04EC0-301F-11D3-BF4B-00C04F79EFBC}") = "ex1Tp1rev", "ex1Tp1rev\ex1Tp1rev.csproj", "{FA8417DD-CCA7-4BC8-A20E-C4E3217735FB}"
EndProject
Global
	GlobalSection(SolutionConfigurationPlatforms) = preSolution
		Debug|Any CPU = Debug|Any CPU
		Release|Any CPU = Release|Any CPU
	EndGlobalSection
	GlobalSection(ProjectConfigurationPlatforms) = postSolution
		{FA8417DD-CCA7-4BC8-A20E-C4E3217735FB}.Debug|Any CPU.ActiveCfg = Debug|Any CPU
		{FA8417DD-CCA7-4BC8-A20E-C4E3217735FB}.Debug|Any CPU.Build.0 = Debug|Any CPU
		{FA8417DD-CCA7-4BC8-A20E-C4E3217735FB}.Release|Any CPU.ActiveCfg = Release|Any CPU
		{FA8417DD-CCA7-4BC8-A20E-C4E3217735FB}.Release|Any CPU.Build.0 = Release|Any CPU
	EndGlobalSection
	GlobalSection(SolutionProperties) = preSolution
		HideSolutionNode = FALSE
	EndGlobalSection
	GlobalSection(ExtensibilityGlobals) = postSolution
		SolutionGuid = {B7BA0F46-8690-4717-BBFE-78D00FE33176}
	EndGlobalSection
EndGlobal
